
Microsoft Visual Studio Solution File, Format Version 12.00
# Visual Studio Version 17
VisualStudioVersion = 17.14.36511.14 d17.14
MinimumVisualStudioVersion = 10.0.40219.1
Project("{FAE04EC0-301F-11D3-BF4B-00C04F79EFBC}") = "RaktarAppBackend", "RaktarAppBackend\RaktarAppBackend.csproj", "{DCEA8E76-C352-4ABB-A99C-41F638FECEB3}"
EndProject
Global
	GlobalSection(SolutionConfigurationPlatforms) = preSolution
		Debug|Any CPU = Debug|Any CPU
		Release|Any CPU = Release|Any CPU
	EndGlobalSection
	GlobalSection(ProjectConfigurationPlatforms) = postSolution
		{DCEA8E76-C352-4ABB-A99C-41F638FECEB3}.Debug|Any CPU.ActiveCfg = Debug|Any CPU
		{DCEA8E76-C352-4ABB-A99C-41F638FECEB3}.Debug|Any CPU.Build.0 = Debug|Any CPU
		{DCEA8E76-C352-4ABB-A99C-41F638FECEB3}.Release|Any CPU.ActiveCfg = Release|Any CPU
		{DCEA8E76-C352-4ABB-A99C-41F638FECEB3}.Release|Any CPU.Build.0 = Release|Any CPU
	EndGlobalSection
	GlobalSection(SolutionProperties) = preSolution
		HideSolutionNode = FALSE
	EndGlobalSection
	GlobalSection(ExtensibilityGlobals) = postSolution
		SolutionGuid = {F456AE5E-24C0-4C60-8CE8-E2AAFAEBF554}
	EndGlobalSection
EndGlobal
